// !$*UTF8*$!
{
	archiveVersion = 1;
	classes = {
	};
	objectVersion = 46;
	objects = {

/* Begin PBXBuildFile section */
		D63628001E23E8D4001A2EF8 /* AppDelegate.swift in Sources */ = {isa = PBXBuildFile; fileRef = D63627FF1E23E8D4001A2EF8 /* AppDelegate.swift */; };
		D63628021E23E8D4001A2EF8 /* ViewController.swift in Sources */ = {isa = PBXBuildFile; fileRef = D63628011E23E8D4001A2EF8 /* ViewController.swift */; };
		D63628051E23E8D4001A2EF8 /* Main.storyboard in Resources */ = {isa = PBXBuildFile; fileRef = D63628031E23E8D4001A2EF8 /* Main.storyboard */; };
		D63628071E23E8D4001A2EF8 /* Assets.xcassets in Resources */ = {isa = PBXBuildFile; fileRef = D63628061E23E8D4001A2EF8 /* Assets.xcassets */; };
		D636280A1E23E8D4001A2EF8 /* LaunchScreen.storyboard in Resources */ = {isa = PBXBuildFile; fileRef = D63628081E23E8D4001A2EF8 /* LaunchScreen.storyboard */; };
/* End PBXBuildFile section */

/* Begin PBXFileReference section */
		D63627FC1E23E8D4001A2EF8 /* SWADevice.app */ = {isa = PBXFileReference; explicitFileType = wrapper.application; includeInIndex = 0; path = SWADevice.app; sourceTree = BUILT_PRODUCTS_DIR; };
		D63627FF1E23E8D4001A2EF8 /* AppDelegate.swift */ = {isa = PBXFileReference; lastKnownFileType = sourcecode.swift; path = AppDelegate.swift; sourceTree = "<group>"; };
		D63628011E23E8D4001A2EF8 /* ViewController.swift */ = {isa = PBXFileReference; lastKnownFileType = sourcecode.swift; path = ViewController.swift; sourceTree = "<group>"; };
		D63628041E23E8D4001A2EF8 /* Base */ = {isa = PBXFileReference; lastKnownFileType = file.storyboard; name = Base; path = Base.lproj/Main.storyboard; sourceTree = "<group>"; };
		D63628061E23E8D4001A2EF8 /* Assets.xcassets */ = {isa = PBXFileReference; lastKnownFileType = folder.assetcatalog; path = Assets.xcassets; sourceTree = "<group>"; };
		D63628091E23E8D4001A2EF8 /* Base */ = {isa = PBXFileReference; lastKnownFileType = file.storyboard; name = Base; path = Base.lproj/LaunchScreen.storyboard; sourceTree = "<group>"; };
		D636280B1E23E8D4001A2EF8 /* Info.plist */ = {isa = PBXFileReference; lastKnownFileType = text.plist.xml; path = Info.plist; sourceTree = "<group>"; };
/* End PBXFileReference section */

/* Begin PBXFrameworksBuildPhase section */
		D63627F91E23E8D4001A2EF8 /* Frameworks */ = {
			isa = PBXFrameworksBuildPhase;
			buildActionMask = 2147483647;
			files = (
			);
			runOnlyForDeploymentPostprocessing = 0;
		};
/* End PBXFrameworksBuildPhase section */

/* Begin PBXGroup section */
		D63627F31E23E8D4001A2EF8 = {
			isa = PBXGroup;
			children = (
				D63627FE1E23E8D4001A2EF8 /* SWADevice */,
				D63627FD1E23E8D4001A2EF8 /* Products */,
			);
			sourceTree = "<group>";
		};
		D63627FD1E23E8D4001A2EF8 /* Products */ = {
			isa = PBXGroup;
			children = (
				D63627FC1E23E8D4001A2EF8 /* SWADevice.app */,
			);
			name = Products;
			sourceTree = "<group>";
		};
		D63627FE1E23E8D4001A2EF8 /* SWADevice */ = {
			isa = PBXGroup;
			children = (
				D63627FF1E23E8D4001A2EF8 /* AppDelegate.swift */,
				D63628011E23E8D4001A2EF8 /* ViewController.swift */,
				D63628031E23E8D4001A2EF8 /* Main.storyboard */,
				D63628061E23E8D4001A2EF8 /* Assets.xcassets */,
				D63628081E23E8D4001A2EF8 /* LaunchScreen.storyboard */,
				D636280B1E23E8D4001A2EF8 /* Info.plist */,
			);
			path = SWADevice;
			sourceTree = "<group>";
		};
/* End PBXGroup section */

/* Begin PBXNativeTarget section */
		D63627FB1E23E8D4001A2EF8 /* SWADevice */ = {
			isa = PBXNativeTarget;
			buildConfigurationList = D636280E1E23E8D4001A2EF8 /* Build configuration list for PBXNativeTarget "SWADevice" */;
			buildPhases = (
				D63627F81E23E8D4001A2EF8 /* Sources */,
				D63627F91E23E8D4001A2EF8 /* Frameworks */,
				D63627FA1E23E8D4001A2EF8 /* Resources */,
			);
			buildRules = (
			);
			dependencies = (
			);
			name = SWADevice;
			productName = SWADevice;
			productReference = D63627FC1E23E8D4001A2EF8 /* SWADevice.app */;
			productType = "com.apple.product-type.application";
		};
/* End PBXNativeTarget section */

/* Begin PBXProject section */
		D63627F41E23E8D4001A2EF8 /* Project object */ = {
			isa = PBXProject;
			attributes = {
				LastSwiftUpdateCheck = 0820;
				LastUpgradeCheck = 0820;
				ORGANIZATIONNAME = Imprivata;
				TargetAttributes = {
					D63627FB1E23E8D4001A2EF8 = {
						CreatedOnToolsVersion = 8.2.1;
						DevelopmentTeam = 4M5ZN5CV6L;
						ProvisioningStyle = Automatic;
					};
				};
			};
			buildConfigurationList = D63627F71E23E8D4001A2EF8 /* Build configuration list for PBXProject "SWADevice" */;
			compatibilityVersion = "Xcode 3.2";
			developmentRegion = English;
			hasScannedForEncodings = 0;
			knownRegions = (
				en,
				Base,
			);
			mainGroup = D63627F31E23E8D4001A2EF8;
			productRefGroup = D63627FD1E23E8D4001A2EF8 /* Products */;
			projectDirPath = "";
			projectRoot = "";
			targets = (
				D63627FB1E23E8D4001A2EF8 /* SWADevice */,
			);
		};
/* End PBXProject section */

/* Begin PBXResourcesBuildPhase section */
		D63627FA1E23E8D4001A2EF8 /* Resources */ = {
			isa = PBXResourcesBuildPhase;
			buildActionMask = 2147483647;
			files = (
				D636280A1E23E8D4001A2EF8 /* LaunchScreen.storyboard in Resources */,
				D63628071E23E8D4001A2EF8 /* Assets.xcassets in Resources */,
				D63628051E23E8D4001A2EF8 /* Main.storyboard in Resources */,
			);
			runOnlyForDeploymentPostprocessing = 0;
		};
/* End PBXResourcesBuildPhase section */

/* Begin PBXSourcesBuildPhase section */
		D63627F81E23E8D4001A2EF8 /* Sources */ = {
			isa = PBXSourcesBuildPhase;
			buildActionMask = 2147483647;
			files = (
				D63628021E23E8D4001A2EF8 /* ViewController.swift in Sources */,
				D63628001E23E8D4001A2EF8 /* AppDelegate.swift in Sources */,
			);
			runOnlyForDeploymentPostprocessing = 0;
		};
/* End PBXSourcesBuildPhase section */

/* Begin PBXVariantGroup section */
		D63628031E23E8D4001A2EF8 /* Main.storyboard */ = {
			isa = PBXVariantGroup;
			children = (
				D63628041E23E8D4001A2EF8 /* Base */,
			);
			name = Main.storyboard;
			sourceTree = "<group>";
		};
		D63628081E23E8D4001A2EF8 /* LaunchScreen.storyboard */ = {
			isa = PBXVariantGroup;
			children = (
				D63628091E23E8D4001A2EF8 /* Base */,
			);
			name = LaunchScreen.storyboard;
			sourceTree = "<group>";
		};
/* End PBXVariantGroup section */

/* Begin XCBuildConfiguration section */
		D636280C1E23E8D4001A2EF8 /* Debug */ = {
			isa = XCBuildConfiguration;
			buildSettings = {
				ALWAYS_SEARCH_USER_PATHS = NO;
				CLANG_ANALYZER_NONNULL = YES;
				CLANG_CXX_LANGUAGE_STANDARD = "gnu++0x";
				CLANG_CXX_LIBRARY = "libc++";
				CLANG_ENABLE_MODULES = YES;
				CLANG_ENABLE_OBJC_ARC = YES;
				CLANG_WARN_BOOL_CONVERSION = YES;
				CLANG_WARN_CONSTANT_CONVERSION = YES;
				CLANG_WARN_DIRECT_OBJC_ISA_USAGE = YES_ERROR;
				CLANG_WARN_DOCUMENTATION_COMMENTS = YES;
				CLANG_WARN_EMPTY_BODY = YES;
				CLANG_WARN_ENUM_CONVERSION = YES;
				CLANG_WARN_INFINITE_RECURSION = YES;
				CLANG_WARN_INT_CONVERSION = YES;
				CLANG_WARN_OBJC_ROOT_CLASS = YES_ERROR;
				CLANG_WARN_SUSPICIOUS_MOVE = YES;
				CLANG_WARN_UNREACHABLE_CODE = YES;
				CLANG_WARN__DUPLICATE_METHOD_MATCH = YES;
				"CODE_SIGN_IDENTITY[sdk=iphoneos*]" = "iPhone Developer";
				COPY_PHASE_STRIP = NO;
				DEBUG_INFORMATION_FORMAT = dwarf;
				ENABLE_STRICT_OBJC_MSGSEND = YES;
				ENABLE_TESTABILITY = YES;
				GCC_C_LANGUAGE_STANDARD = gnu99;
				GCC_DYNAMIC_NO_PIC = NO;
				GCC_NO_COMMON_BLOCKS = YES;
				GCC_OPTIMIZATION_LEVEL = 0;
				GCC_PREPROCESSOR_DEFINITIONS = (
					"DEBUG=1",
					"$(inherited)",
				);
				GCC_WARN_64_TO_32_BIT_CONVERSION = YES;
				GCC_WARN_ABOUT_RETURN_TYPE = YES_ERROR;
				GCC_WARN_UNDECLARED_SELECTOR = YES;
				GCC_WARN_UNINITIALIZED_AUTOS = YES_AGGRESSIVE;
				GCC_WARN_UNUSED_FUNCTION = YES;
				GCC_WARN_UNUSED_VARIABLE = YES;
				IPHONEOS_DEPLOYMENT_TARGET = 10.2;
				MTL_ENABLE_DEBUG_INFO = YES;
				ONLY_ACTIVE_ARCH = YES;
				SDKROOT = iphoneos;
				SWIFT_ACTIVE_COMPILATION_CONDITIONS = DEBUG;
				SWIFT_OPTIMIZATION_LEVEL = "-Onone";
			};
			name = Debug;
		};
		D636280D1E23E8D4001A2EF8 /* Release */ = {
			isa = XCBuildConfiguration;
			buildSettings = {
				ALWAYS_SEARCH_USER_PATHS = NO;
				CLANG_ANALYZER_NONNULL = YES;
				CLANG_CXX_LANGUAGE_STANDARD = "gnu++0x";
				CLANG_CXX_LIBRARY = "libc++";
				CLANG_ENABLE_MODULES = YES;
				CLANG_ENABLE_OBJC_ARC = YES;
				CLANG_WARN_BOOL_CONVERSION = YES;
				CLANG_WARN_CONSTANT_CONVERSION = YES;
				CLANG_WARN_DIRECT_OBJC_ISA_USAGE = YES_ERROR;
				CLANG_WARN_DOCUMENTATION_COMMENTS = YES;
				CLANG_WARN_EMPTY_BODY = YES;
				CLANG_WARN_ENUM_CONVERSION = YES;
				CLANG_WARN_INFINITE_RECURSION = YES;
				CLANG_WARN_INT_CONVERSION = YES;
				CLANG_WARN_OBJC_ROOT_CLASS = YES_ERROR;
				CLANG_WARN_SUSPICIOUS_MOVE = YES;
				CLANG_WARN_UNREACHABLE_CODE = YES;
				CLANG_WARN__DUPLICATE_METHOD_MATCH = YES;
				"CODE_SIGN_IDENTITY[sdk=iphoneos*]" = "iPhone Developer";
				COPY_PHASE_STRIP = NO;
				DEBUG_INFORMATION_FORMAT = "dwarf-with-dsym";
				ENABLE_NS_ASSERTIONS = NO;
				ENABLE_STRICT_OBJC_MSGSEND = YES;
				GCC_C_LANGUAGE_STANDARD = gnu99;
				GCC_NO_COMMON_BLOCKS = YES;
				GCC_WARN_64_TO_32_BIT_CONVERSION = YES;
				GCC_WARN_ABOUT_RETURN_TYPE = YES_ERROR;
				GCC_WARN_UNDECLARED_SELECTOR = YES;
				GCC_WARN_UNINITIALIZED_AUTOS = YES_AGGRESSIVE;
				GCC_WARN_UNUSED_FUNCTION = YES;
				GCC_WARN_UNUSED_VARIABLE = YES;
				IPHONEOS_DEPLOYMENT_TARGET = 10.2;
				MTL_ENABLE_DEBUG_INFO = NO;
				SDKROOT = iphoneos;
				SWIFT_OPTIMIZATION_LEVEL = "-Owholemodule";
				VALIDATE_PRODUCT = YES;
			};
			name = Release;
		};
		D636280F1E23E8D4001A2EF8 /* Debug */ = {
			isa = XCBuildConfiguration;
			buildSettings = {
				ASSETCATALOG_COMPILER_APPICON_NAME = AppIcon;
				DEVELOPMENT_TEAM = 4M5ZN5CV6L;
				INFOPLIST_FILE = SWADevice/Info.plist;
				LD_RUNPATH_SEARCH_PATHS = "$(inherited) @executable_path/Frameworks";
				PRODUCT_BUNDLE_IDENTIFIER = com.imprivata.SWADevice;
				PRODUCT_NAME = "$(TARGET_NAME)";
				SWIFT_VERSION = 3.0;
			};
			name = Debug;
		};
		D63628101E23E8D4001A2EF8 /* Release */ = {
			isa = XCBuildConfiguration;
			buildSettings = {
				ASSETCATALOG_COMPILER_APPICON_NAME = AppIcon;
				DEVELOPMENT_TEAM = 4M5ZN5CV6L;
				INFOPLIST_FILE = SWADevice/Info.plist;
				LD_RUNPATH_SEARCH_PATHS = "$(inherited) @executable_path/Frameworks";
				PRODUCT_BUNDLE_IDENTIFIER = com.imprivata.SWADevice;
				PRODUCT_NAME = "$(TARGET_NAME)";
				SWIFT_VERSION = 3.0;
			};
			name = Release;
		};
/* End XCBuildConfiguration section */

/* Begin XCConfigurationList section */
		D63627F71E23E8D4001A2EF8 /* Build configuration list for PBXProject "SWADevice" */ = {
			isa = XCConfigurationList;
			buildConfigurations = (
				D636280C1E23E8D4001A2EF8 /* Debug */,
				D636280D1E23E8D4001A2EF8 /* Release */,
			);
			defaultConfigurationIsVisible = 0;
			defaultConfigurationName = Release;
		};
		D636280E1E23E8D4001A2EF8 /* Build configuration list for PBXNativeTarget "SWADevice" */ = {
			isa = XCConfigurationList;
			buildConfigurations = (
				D636280F1E23E8D4001A2EF8 /* Debug */,
				D63628101E23E8D4001A2EF8 /* Release */,
			);
			defaultConfigurationIsVisible = 0;
		};
/* End XCConfigurationList section */
	};
	rootObject = D63627F41E23E8D4001A2EF8 /* Project object */;
}
